
Microsoft Visual Studio Solution File, Format Version 12.00
# Visual Studio Version 17
VisualStudioVersion = 17.7.34003.232
MinimumVisualStudioVersion = 10.0.40219.1
Project("{FAE04EC0-301F-11D3-BF4B-00C04F79EFBC}") = "Engine", "Engine\Engine.csproj", "{3E1191C2-A165-4BBD-A4A7-4F14C775D0C1}"
EndProject
Project("{FAE04EC0-301F-11D3-BF4B-00C04F79EFBC}") = "Engine.Test", "Engine.Test\Engine.Test.csproj", "{93F11307-019F-4220-A530-549E59F02BD0}"
EndProject
Global
	GlobalSection(SolutionConfigurationPlatforms) = preSolution
		Debug|Any CPU = Debug|Any CPU
		Release|Any CPU = Release|Any CPU
	EndGlobalSection
	GlobalSection(ProjectConfigurationPlatforms) = postSolution
		{3E1191C2-A165-4BBD-A4A7-4F14C775D0C1}.Debug|Any CPU.ActiveCfg = Debug|Any CPU
		{3E1191C2-A165-4BBD-A4A7-4F14C775D0C1}.Debug|Any CPU.Build.0 = Debug|Any CPU
		{3E1191C2-A165-4BBD-A4A7-4F14C775D0C1}.Release|Any CPU.ActiveCfg = Release|Any CPU
		{3E1191C2-A165-4BBD-A4A7-4F14C775D0C1}.Release|Any CPU.Build.0 = Release|Any CPU
		{93F11307-019F-4220-A530-549E59F02BD0}.Debug|Any CPU.ActiveCfg = Debug|Any CPU
		{93F11307-019F-4220-A530-549E59F02BD0}.Debug|Any CPU.Build.0 = Debug|Any CPU
		{93F11307-019F-4220-A530-549E59F02BD0}.Release|Any CPU.ActiveCfg = Release|Any CPU
		{93F11307-019F-4220-A530-549E59F02BD0}.Release|Any CPU.Build.0 = Release|Any CPU
	EndGlobalSection
	GlobalSection(SolutionProperties) = preSolution
		HideSolutionNode = FALSE
	EndGlobalSection
	GlobalSection(ExtensibilityGlobals) = postSolution
		SolutionGuid = {13F10787-DF17-4A4D-B294-395F75C9AA44}
	EndGlobalSection
EndGlobal
